
Microsoft Visual Studio Solution File, Format Version 12.00
# Visual Studio 15
VisualStudioVersion = 15.0.28307.329
MinimumVisualStudioVersion = 10.0.40219.1
Project("{9A19103F-16F7-4668-BE54-9A1E7A4F7556}") = "Ddi.Registry.Web", "src\Ddi.Registry.Web\Ddi.Registry.Web.csproj", "{C3E81B92-6744-4814-814C-32F0A33DC941}"
EndProject
Project("{9A19103F-16F7-4668-BE54-9A1E7A4F7556}") = "Ddi.Registry.Data", "src\Ddi.Registry.Data\Ddi.Registry.Data.csproj", "{2363CD5E-0CD1-48CB-AC9E-1575DC60372C}"
EndProject
Project("{9A19103F-16F7-4668-BE54-9A1E7A4F7556}") = "Ddi.Registry.ZoneWriter", "src\Ddi.Registry.ZoneWriter\Ddi.Registry.ZoneWriter.csproj", "{86B34763-2B91-4DAE-A112-10917928314B}"
EndProject
Global
	GlobalSection(SolutionConfigurationPlatforms) = preSolution
		Debug|Any CPU = Debug|Any CPU
		Release|Any CPU = Release|Any CPU
	EndGlobalSection
	GlobalSection(ProjectConfigurationPlatforms) = postSolution
		{C3E81B92-6744-4814-814C-32F0A33DC941}.Debug|Any CPU.ActiveCfg = Debug|Any CPU
		{C3E81B92-6744-4814-814C-32F0A33DC941}.Debug|Any CPU.Build.0 = Debug|Any CPU
		{C3E81B92-6744-4814-814C-32F0A33DC941}.Release|Any CPU.ActiveCfg = Release|Any CPU
		{C3E81B92-6744-4814-814C-32F0A33DC941}.Release|Any CPU.Build.0 = Release|Any CPU
		{2363CD5E-0CD1-48CB-AC9E-1575DC60372C}.Debug|Any CPU.ActiveCfg = Debug|Any CPU
		{2363CD5E-0CD1-48CB-AC9E-1575DC60372C}.Debug|Any CPU.Build.0 = Debug|Any CPU
		{2363CD5E-0CD1-48CB-AC9E-1575DC60372C}.Release|Any CPU.ActiveCfg = Release|Any CPU
		{2363CD5E-0CD1-48CB-AC9E-1575DC60372C}.Release|Any CPU.Build.0 = Release|Any CPU
		{86B34763-2B91-4DAE-A112-10917928314B}.Debug|Any CPU.ActiveCfg = Debug|Any CPU
		{86B34763-2B91-4DAE-A112-10917928314B}.Debug|Any CPU.Build.0 = Debug|Any CPU
		{86B34763-2B91-4DAE-A112-10917928314B}.Release|Any CPU.ActiveCfg = Release|Any CPU
		{86B34763-2B91-4DAE-A112-10917928314B}.Release|Any CPU.Build.0 = Release|Any CPU
	EndGlobalSection
	GlobalSection(SolutionProperties) = preSolution
		HideSolutionNode = FALSE
	EndGlobalSection
	GlobalSection(ExtensibilityGlobals) = postSolution
		SolutionGuid = {1EF92B52-25D5-4C55-8115-4A29B114641B}
	EndGlobalSection
EndGlobal
