
Microsoft Visual Studio Solution File, Format Version 12.00
# Visual Studio 15
VisualStudioVersion = 15.0.27703.2026
MinimumVisualStudioVersion = 10.0.40219.1
Project("{2150E333-8FDC-42A3-9474-1A3956D46DE8}") = "Solution Items", "Solution Items", "{2B3CE6B3-7D15-4827-8B69-9C776828C184}"
	ProjectSection(SolutionItems) = preProject
		Ddi.Registry.vsmdi = Ddi.Registry.vsmdi
		Local.testsettings = Local.testsettings
		TraceAndTestImpact.testsettings = TraceAndTestImpact.testsettings
	EndProjectSection
EndProject
Project("{FAE04EC0-301F-11D3-BF4B-00C04F79EFBC}") = "Ddi.Registry.Web", "..\Ddi.Registry.Web\Ddi.Registry.Web.csproj", "{B3EA8CF7-BBF3-4C17-9094-A2DCD0FC8106}"
EndProject
Project("{FAE04EC0-301F-11D3-BF4B-00C04F79EFBC}") = "Ddi.Registry.Data", "..\Ddi.Registry.Data\Ddi.Registry.Data.csproj", "{BA53604B-210B-4BF5-944F-D1142F55511C}"
EndProject
Project("{FAE04EC0-301F-11D3-BF4B-00C04F79EFBC}") = "Ddi.Registry.Data.Test", "..\Ddi.Registry.Data.Test\Ddi.Registry.Data.Test.csproj", "{D91AD1D1-D800-4131-963D-A68C8AC36CC0}"
EndProject
Project("{FAE04EC0-301F-11D3-BF4B-00C04F79EFBC}") = "PostgreSQLProvider", "..\..\thirdparty\NauckIT.PostgreSQLProvider-1.3.18.137\src\NauckIT.PostgreSQLProvider\PostgreSQLProvider.csproj", "{FF3FB1BB-8986-4AD4-91F1-DA778A1FA65D}"
EndProject
Project("{FAE04EC0-301F-11D3-BF4B-00C04F79EFBC}") = "Ddi.Registry.ZoneWriter", "..\Ddi.Registry.ZoneWriter\Ddi.Registry.ZoneWriter.csproj", "{C8DAF77F-1741-4FFC-B35D-29A6319ED9C6}"
EndProject
Global
	GlobalSection(SolutionConfigurationPlatforms) = preSolution
		Debug|Any CPU = Debug|Any CPU
		Debug|Mixed Platforms = Debug|Mixed Platforms
		Debug|x86 = Debug|x86
		Release|Any CPU = Release|Any CPU
		Release|Mixed Platforms = Release|Mixed Platforms
		Release|x86 = Release|x86
	EndGlobalSection
	GlobalSection(ProjectConfigurationPlatforms) = postSolution
		{B3EA8CF7-BBF3-4C17-9094-A2DCD0FC8106}.Debug|Any CPU.ActiveCfg = Debug|Any CPU
		{B3EA8CF7-BBF3-4C17-9094-A2DCD0FC8106}.Debug|Any CPU.Build.0 = Debug|Any CPU
		{B3EA8CF7-BBF3-4C17-9094-A2DCD0FC8106}.Debug|Mixed Platforms.ActiveCfg = Debug|Any CPU
		{B3EA8CF7-BBF3-4C17-9094-A2DCD0FC8106}.Debug|Mixed Platforms.Build.0 = Debug|Any CPU
		{B3EA8CF7-BBF3-4C17-9094-A2DCD0FC8106}.Debug|x86.ActiveCfg = Debug|Any CPU
		{B3EA8CF7-BBF3-4C17-9094-A2DCD0FC8106}.Release|Any CPU.ActiveCfg = Release|Any CPU
		{B3EA8CF7-BBF3-4C17-9094-A2DCD0FC8106}.Release|Any CPU.Build.0 = Release|Any CPU
		{B3EA8CF7-BBF3-4C17-9094-A2DCD0FC8106}.Release|Mixed Platforms.ActiveCfg = Release|Any CPU
		{B3EA8CF7-BBF3-4C17-9094-A2DCD0FC8106}.Release|Mixed Platforms.Build.0 = Release|Any CPU
		{B3EA8CF7-BBF3-4C17-9094-A2DCD0FC8106}.Release|x86.ActiveCfg = Release|Any CPU
		{BA53604B-210B-4BF5-944F-D1142F55511C}.Debug|Any CPU.ActiveCfg = Debug|Any CPU
		{BA53604B-210B-4BF5-944F-D1142F55511C}.Debug|Any CPU.Build.0 = Debug|Any CPU
		{BA53604B-210B-4BF5-944F-D1142F55511C}.Debug|Mixed Platforms.ActiveCfg = Debug|Any CPU
		{BA53604B-210B-4BF5-944F-D1142F55511C}.Debug|Mixed Platforms.Build.0 = Debug|Any CPU
		{BA53604B-210B-4BF5-944F-D1142F55511C}.Debug|x86.ActiveCfg = Debug|Any CPU
		{BA53604B-210B-4BF5-944F-D1142F55511C}.Release|Any CPU.ActiveCfg = Release|Any CPU
		{BA53604B-210B-4BF5-944F-D1142F55511C}.Release|Any CPU.Build.0 = Release|Any CPU
		{BA53604B-210B-4BF5-944F-D1142F55511C}.Release|Mixed Platforms.ActiveCfg = Release|Any CPU
		{BA53604B-210B-4BF5-944F-D1142F55511C}.Release|Mixed Platforms.Build.0 = Release|Any CPU
		{BA53604B-210B-4BF5-944F-D1142F55511C}.Release|x86.ActiveCfg = Release|Any CPU
		{D91AD1D1-D800-4131-963D-A68C8AC36CC0}.Debug|Any CPU.ActiveCfg = Debug|Any CPU
		{D91AD1D1-D800-4131-963D-A68C8AC36CC0}.Debug|Any CPU.Build.0 = Debug|Any CPU
		{D91AD1D1-D800-4131-963D-A68C8AC36CC0}.Debug|Mixed Platforms.ActiveCfg = Debug|Any CPU
		{D91AD1D1-D800-4131-963D-A68C8AC36CC0}.Debug|Mixed Platforms.Build.0 = Debug|Any CPU
		{D91AD1D1-D800-4131-963D-A68C8AC36CC0}.Debug|x86.ActiveCfg = Debug|Any CPU
		{D91AD1D1-D800-4131-963D-A68C8AC36CC0}.Release|Any CPU.ActiveCfg = Release|Any CPU
		{D91AD1D1-D800-4131-963D-A68C8AC36CC0}.Release|Any CPU.Build.0 = Release|Any CPU
		{D91AD1D1-D800-4131-963D-A68C8AC36CC0}.Release|Mixed Platforms.ActiveCfg = Release|Any CPU
		{D91AD1D1-D800-4131-963D-A68C8AC36CC0}.Release|Mixed Platforms.Build.0 = Release|Any CPU
		{D91AD1D1-D800-4131-963D-A68C8AC36CC0}.Release|x86.ActiveCfg = Release|Any CPU
		{FF3FB1BB-8986-4AD4-91F1-DA778A1FA65D}.Debug|Any CPU.ActiveCfg = Debug|Any CPU
		{FF3FB1BB-8986-4AD4-91F1-DA778A1FA65D}.Debug|Any CPU.Build.0 = Debug|Any CPU
		{FF3FB1BB-8986-4AD4-91F1-DA778A1FA65D}.Debug|Mixed Platforms.ActiveCfg = Debug|Any CPU
		{FF3FB1BB-8986-4AD4-91F1-DA778A1FA65D}.Debug|Mixed Platforms.Build.0 = Debug|Any CPU
		{FF3FB1BB-8986-4AD4-91F1-DA778A1FA65D}.Debug|x86.ActiveCfg = Debug|Any CPU
		{FF3FB1BB-8986-4AD4-91F1-DA778A1FA65D}.Release|Any CPU.ActiveCfg = Release|Any CPU
		{FF3FB1BB-8986-4AD4-91F1-DA778A1FA65D}.Release|Any CPU.Build.0 = Release|Any CPU
		{FF3FB1BB-8986-4AD4-91F1-DA778A1FA65D}.Release|Mixed Platforms.ActiveCfg = Release|Any CPU
		{FF3FB1BB-8986-4AD4-91F1-DA778A1FA65D}.Release|Mixed Platforms.Build.0 = Release|Any CPU
		{FF3FB1BB-8986-4AD4-91F1-DA778A1FA65D}.Release|x86.ActiveCfg = Release|Any CPU
		{C8DAF77F-1741-4FFC-B35D-29A6319ED9C6}.Debug|Any CPU.ActiveCfg = Debug|x86
		{C8DAF77F-1741-4FFC-B35D-29A6319ED9C6}.Debug|Mixed Platforms.ActiveCfg = Debug|x86
		{C8DAF77F-1741-4FFC-B35D-29A6319ED9C6}.Debug|Mixed Platforms.Build.0 = Debug|x86
		{C8DAF77F-1741-4FFC-B35D-29A6319ED9C6}.Debug|x86.ActiveCfg = Debug|x86
		{C8DAF77F-1741-4FFC-B35D-29A6319ED9C6}.Debug|x86.Build.0 = Debug|x86
		{C8DAF77F-1741-4FFC-B35D-29A6319ED9C6}.Release|Any CPU.ActiveCfg = Release|x86
		{C8DAF77F-1741-4FFC-B35D-29A6319ED9C6}.Release|Mixed Platforms.ActiveCfg = Release|x86
		{C8DAF77F-1741-4FFC-B35D-29A6319ED9C6}.Release|Mixed Platforms.Build.0 = Release|x86
		{C8DAF77F-1741-4FFC-B35D-29A6319ED9C6}.Release|x86.ActiveCfg = Release|x86
		{C8DAF77F-1741-4FFC-B35D-29A6319ED9C6}.Release|x86.Build.0 = Release|x86
	EndGlobalSection
	GlobalSection(SolutionProperties) = preSolution
		HideSolutionNode = FALSE
	EndGlobalSection
	GlobalSection(ExtensibilityGlobals) = postSolution
		SolutionGuid = {E5176607-373F-4D98-8C11-3E95D9A95FDA}
	EndGlobalSection
	GlobalSection(TestCaseManagementSettings) = postSolution
		CategoryFile = Ddi.Registry.vsmdi
	EndGlobalSection
EndGlobal
